// !$*UTF8*$!
{
	archiveVersion = 1;
	classes = {
	};
	objectVersion = 77;
	objects = {

/* Begin PBXBuildFile section */
		BD34AD222D2927D60031548C /* ContentView.swift in Sources */ = {isa = PBXBuildFile; fileRef = BD34AD1E2D2927D60031548C /* ContentView.swift */; };
		BD34AD242D2927D60031548C /* Rouzzle_iOSApp.swift in Sources */ = {isa = PBXBuildFile; fileRef = BD34AD202D2927D60031548C /* Rouzzle_iOSApp.swift */; };
		BD34AD262D2927D60031548C /* Assets.xcassets in Resources */ = {isa = PBXBuildFile; fileRef = BD34AD1D2D2927D60031548C /* Assets.xcassets */; };
		BD764D452D312932008E94E5 /* RoutineItem.swift in Sources */ = {isa = PBXBuildFile; fileRef = BD764D442D312932008E94E5 /* RoutineItem.swift */; };
		BD764D472D313320008E94E5 /* RoutineHomeView.swift in Sources */ = {isa = PBXBuildFile; fileRef = BD764D462D313320008E94E5 /* RoutineHomeView.swift */; };
		BD764D4D2D31338C008E94E5 /* SocialView.swift in Sources */ = {isa = PBXBuildFile; fileRef = BD764D4C2D31338C008E94E5 /* SocialView.swift */; };
		BD764D4F2D313394008E94E5 /* RecommendView.swift in Sources */ = {isa = PBXBuildFile; fileRef = BD764D4E2D313394008E94E5 /* RecommendView.swift */; };
		BD764D512D3133A8008E94E5 /* StatisticView.swift in Sources */ = {isa = PBXBuildFile; fileRef = BD764D502D3133A8008E94E5 /* StatisticView.swift */; };
		BD764D532D3133B2008E94E5 /* MyPageView.swift in Sources */ = {isa = PBXBuildFile; fileRef = BD764D522D3133B2008E94E5 /* MyPageView.swift */; };
		BD764D5B2D3154A2008E94E5 /* Font+Extension.swift in Sources */ = {isa = PBXBuildFile; fileRef = BD764D5A2D3154A2008E94E5 /* Font+Extension.swift */; };
		BD764D672D3154B6008E94E5 /* Pretendard-Medium.otf in Resources */ = {isa = PBXBuildFile; fileRef = BD764D622D3154B6008E94E5 /* Pretendard-Medium.otf */; };
		BD764D682D3154B6008E94E5 /* Pretendard-Regular.otf in Resources */ = {isa = PBXBuildFile; fileRef = BD764D632D3154B6008E94E5 /* Pretendard-Regular.otf */; };
		BD764D692D3154B6008E94E5 /* Pretendard-SemiBold.otf in Resources */ = {isa = PBXBuildFile; fileRef = BD764D642D3154B6008E94E5 /* Pretendard-SemiBold.otf */; };
		BD764D6A2D3154B6008E94E5 /* Halo Dek.otf in Resources */ = {isa = PBXBuildFile; fileRef = BD764D5C2D3154B6008E94E5 /* Halo Dek.otf */; };
		BD764D6B2D3154B6008E94E5 /* Pretendard-ExtraBold.otf in Resources */ = {isa = PBXBuildFile; fileRef = BD764D5F2D3154B6008E94E5 /* Pretendard-ExtraBold.otf */; };
		BD764D6C2D3154B6008E94E5 /* Pretendard-Black.otf in Resources */ = {isa = PBXBuildFile; fileRef = BD764D5D2D3154B6008E94E5 /* Pretendard-Black.otf */; };
		BD764D6D2D3154B6008E94E5 /* Pretendard-ExtraLight.otf in Resources */ = {isa = PBXBuildFile; fileRef = BD764D602D3154B6008E94E5 /* Pretendard-ExtraLight.otf */; };
		BD764D6E2D3154B6008E94E5 /* Pretendard-Thin.otf in Resources */ = {isa = PBXBuildFile; fileRef = BD764D652D3154B6008E94E5 /* Pretendard-Thin.otf */; };
		BD764D6F2D3154B6008E94E5 /* Pretendard-Bold.otf in Resources */ = {isa = PBXBuildFile; fileRef = BD764D5E2D3154B6008E94E5 /* Pretendard-Bold.otf */; };
		BD764D702D3154B6008E94E5 /* Pretendard-Light.otf in Resources */ = {isa = PBXBuildFile; fileRef = BD764D612D3154B6008E94E5 /* Pretendard-Light.otf */; };
		BD764D732D31552E008E94E5 /* Color+Extension.swift in Sources */ = {isa = PBXBuildFile; fileRef = BD764D722D31552E008E94E5 /* Color+Extension.swift */; };
		BD764D762D3157A3008E94E5 /* QuotesProvider.swift in Sources */ = {isa = PBXBuildFile; fileRef = BD764D752D3157A3008E94E5 /* QuotesProvider.swift */; };
		BD764D782D315B88008E94E5 /* RoutineHomeViewModel.swift in Sources */ = {isa = PBXBuildFile; fileRef = BD764D772D315B88008E94E5 /* RoutineHomeViewModel.swift */; };
		BD764D7B2D337090008E94E5 /* Untitled.swift in Sources */ = {isa = PBXBuildFile; fileRef = BD764D7A2D33708F008E94E5 /* Untitled.swift */; };
		BD764D7F2D33713D008E94E5 /* AddRoutineContainerView.swift in Sources */ = {isa = PBXBuildFile; fileRef = BD764D7E2D33713D008E94E5 /* AddRoutineContainerView.swift */; };
		BD764D822D33740C008E94E5 /* AddRoutineViewModel.swift in Sources */ = {isa = PBXBuildFile; fileRef = BD764D812D33740C008E94E5 /* AddRoutineViewModel.swift */; };
		BD764D842D3374AA008E94E5 /* AddRoutineView.swift in Sources */ = {isa = PBXBuildFile; fileRef = BD764D832D3374AA008E94E5 /* AddRoutineView.swift */; };
		BD764D862D3374BE008E94E5 /* AddRoutineTaskView.swift in Sources */ = {isa = PBXBuildFile; fileRef = BD764D852D3374BE008E94E5 /* AddRoutineTaskView.swift */; };
		BD764D892D3378F4008E94E5 /* RouzzleTextField.swift in Sources */ = {isa = PBXBuildFile; fileRef = BD764D882D3378F4008E94E5 /* RouzzleTextField.swift */; };
		BD764D972D337D04008E94E5 /* EmojiSearchKeywords.swift in Sources */ = {isa = PBXBuildFile; fileRef = BD764D8F2D337D04008E94E5 /* EmojiSearchKeywords.swift */; };
		BD764D982D337D04008E94E5 /* EmojiCategory.swift in Sources */ = {isa = PBXBuildFile; fileRef = BD764D8E2D337D04008E94E5 /* EmojiCategory.swift */; };
		BD764D992D337D04008E94E5 /* EmojiPickerViewModel.swift in Sources */ = {isa = PBXBuildFile; fileRef = BD764D942D337D04008E94E5 /* EmojiPickerViewModel.swift */; };
		BD764D9A2D337D04008E94E5 /* EmojiPickerView.swift in Sources */ = {isa = PBXBuildFile; fileRef = BD764D912D337D04008E94E5 /* EmojiPickerView.swift */; };
		BD764D9B2D337D04008E94E5 /* EmojiComponents.swift in Sources */ = {isa = PBXBuildFile; fileRef = BD764D922D337D04008E94E5 /* EmojiComponents.swift */; };
		BD764D9D2D337D55008E94E5 /* Day.swift in Sources */ = {isa = PBXBuildFile; fileRef = BD764D9C2D337D52008E94E5 /* Day.swift */; };
		BD764D9F2D33B5C7008E94E5 /* EmojiButton.swift in Sources */ = {isa = PBXBuildFile; fileRef = BD764D9E2D33B5C0008E94E5 /* EmojiButton.swift */; };
		BD764DA22D33C55E008E94E5 /* Publisher+Extension.swift in Sources */ = {isa = PBXBuildFile; fileRef = BD764DA12D33C55E008E94E5 /* Publisher+Extension.swift */; };
		BD764DA42D3780B0008E94E5 /* RouzzlePicker.swift in Sources */ = {isa = PBXBuildFile; fileRef = BD764DA32D3780B0008E94E5 /* RouzzlePicker.swift */; };
		BD764DA62D3786FC008E94E5 /* RouzzleButton.swift in Sources */ = {isa = PBXBuildFile; fileRef = BD764DA52D3786FC008E94E5 /* RouzzleButton.swift */; };
		BD764DA82D378764008E94E5 /* RecommendTaskData.swift in Sources */ = {isa = PBXBuildFile; fileRef = BD764DA72D378764008E94E5 /* RecommendTaskData.swift */; };
		BD764DAA2D37880A008E94E5 /* Date+Extension.swift in Sources */ = {isa = PBXBuildFile; fileRef = BD764DA92D37880A008E94E5 /* Date+Extension.swift */; };
/* End PBXBuildFile section */

/* Begin PBXFileReference section */
		BD34AD082D2927C80031548C /* Rouzzle_iOS.app */ = {isa = PBXFileReference; explicitFileType = wrapper.application; includeInIndex = 0; path = Rouzzle_iOS.app; sourceTree = BUILT_PRODUCTS_DIR; };
		BD34AD1D2D2927D60031548C /* Assets.xcassets */ = {isa = PBXFileReference; lastKnownFileType = folder.assetcatalog; path = Assets.xcassets; sourceTree = "<group>"; };
		BD34AD1E2D2927D60031548C /* ContentView.swift */ = {isa = PBXFileReference; lastKnownFileType = sourcecode.swift; path = ContentView.swift; sourceTree = "<group>"; };
		BD34AD202D2927D60031548C /* Rouzzle_iOSApp.swift */ = {isa = PBXFileReference; lastKnownFileType = sourcecode.swift; path = Rouzzle_iOSApp.swift; sourceTree = "<group>"; };
		BD764D442D312932008E94E5 /* RoutineItem.swift */ = {isa = PBXFileReference; lastKnownFileType = sourcecode.swift; path = RoutineItem.swift; sourceTree = "<group>"; };
		BD764D462D313320008E94E5 /* RoutineHomeView.swift */ = {isa = PBXFileReference; lastKnownFileType = sourcecode.swift; path = RoutineHomeView.swift; sourceTree = "<group>"; };
		BD764D4C2D31338C008E94E5 /* SocialView.swift */ = {isa = PBXFileReference; lastKnownFileType = sourcecode.swift; path = SocialView.swift; sourceTree = "<group>"; };
		BD764D4E2D313394008E94E5 /* RecommendView.swift */ = {isa = PBXFileReference; lastKnownFileType = sourcecode.swift; path = RecommendView.swift; sourceTree = "<group>"; };
		BD764D502D3133A8008E94E5 /* StatisticView.swift */ = {isa = PBXFileReference; lastKnownFileType = sourcecode.swift; path = StatisticView.swift; sourceTree = "<group>"; };
		BD764D522D3133B2008E94E5 /* MyPageView.swift */ = {isa = PBXFileReference; lastKnownFileType = sourcecode.swift; path = MyPageView.swift; sourceTree = "<group>"; };
		BD764D5A2D3154A2008E94E5 /* Font+Extension.swift */ = {isa = PBXFileReference; lastKnownFileType = sourcecode.swift; path = "Font+Extension.swift"; sourceTree = "<group>"; };
		BD764D5C2D3154B6008E94E5 /* Halo Dek.otf */ = {isa = PBXFileReference; lastKnownFileType = file; path = "Halo Dek.otf"; sourceTree = "<group>"; };
		BD764D5D2D3154B6008E94E5 /* Pretendard-Black.otf */ = {isa = PBXFileReference; lastKnownFileType = file; path = "Pretendard-Black.otf"; sourceTree = "<group>"; };
		BD764D5E2D3154B6008E94E5 /* Pretendard-Bold.otf */ = {isa = PBXFileReference; lastKnownFileType = file; path = "Pretendard-Bold.otf"; sourceTree = "<group>"; };
		BD764D5F2D3154B6008E94E5 /* Pretendard-ExtraBold.otf */ = {isa = PBXFileReference; lastKnownFileType = file; path = "Pretendard-ExtraBold.otf"; sourceTree = "<group>"; };
		BD764D602D3154B6008E94E5 /* Pretendard-ExtraLight.otf */ = {isa = PBXFileReference; lastKnownFileType = file; path = "Pretendard-ExtraLight.otf"; sourceTree = "<group>"; };
		BD764D612D3154B6008E94E5 /* Pretendard-Light.otf */ = {isa = PBXFileReference; lastKnownFileType = file; path = "Pretendard-Light.otf"; sourceTree = "<group>"; };
		BD764D622D3154B6008E94E5 /* Pretendard-Medium.otf */ = {isa = PBXFileReference; lastKnownFileType = file; path = "Pretendard-Medium.otf"; sourceTree = "<group>"; };
		BD764D632D3154B6008E94E5 /* Pretendard-Regular.otf */ = {isa = PBXFileReference; lastKnownFileType = file; path = "Pretendard-Regular.otf"; sourceTree = "<group>"; };
		BD764D642D3154B6008E94E5 /* Pretendard-SemiBold.otf */ = {isa = PBXFileReference; lastKnownFileType = file; path = "Pretendard-SemiBold.otf"; sourceTree = "<group>"; };
		BD764D652D3154B6008E94E5 /* Pretendard-Thin.otf */ = {isa = PBXFileReference; lastKnownFileType = file; path = "Pretendard-Thin.otf"; sourceTree = "<group>"; };
		BD764D712D3154DE008E94E5 /* Rouzzle-iOS-Info.plist */ = {isa = PBXFileReference; lastKnownFileType = text.plist; path = "Rouzzle-iOS-Info.plist"; sourceTree = SOURCE_ROOT; };
		BD764D722D31552E008E94E5 /* Color+Extension.swift */ = {isa = PBXFileReference; lastKnownFileType = sourcecode.swift; path = "Color+Extension.swift"; sourceTree = "<group>"; };
		BD764D752D3157A3008E94E5 /* QuotesProvider.swift */ = {isa = PBXFileReference; lastKnownFileType = sourcecode.swift; path = QuotesProvider.swift; sourceTree = "<group>"; };
		BD764D772D315B88008E94E5 /* RoutineHomeViewModel.swift */ = {isa = PBXFileReference; lastKnownFileType = sourcecode.swift; path = RoutineHomeViewModel.swift; sourceTree = "<group>"; };
		BD764D7A2D33708F008E94E5 /* Untitled.swift */ = {isa = PBXFileReference; lastKnownFileType = sourcecode.swift; path = Untitled.swift; sourceTree = "<group>"; };
		BD764D7E2D33713D008E94E5 /* AddRoutineContainerView.swift */ = {isa = PBXFileReference; lastKnownFileType = sourcecode.swift; path = AddRoutineContainerView.swift; sourceTree = "<group>"; };
		BD764D812D33740C008E94E5 /* AddRoutineViewModel.swift */ = {isa = PBXFileReference; lastKnownFileType = sourcecode.swift; path = AddRoutineViewModel.swift; sourceTree = "<group>"; };
		BD764D832D3374AA008E94E5 /* AddRoutineView.swift */ = {isa = PBXFileReference; lastKnownFileType = sourcecode.swift; path = AddRoutineView.swift; sourceTree = "<group>"; };
		BD764D852D3374BE008E94E5 /* AddRoutineTaskView.swift */ = {isa = PBXFileReference; lastKnownFileType = sourcecode.swift; path = AddRoutineTaskView.swift; sourceTree = "<group>"; };
		BD764D882D3378F4008E94E5 /* RouzzleTextField.swift */ = {isa = PBXFileReference; lastKnownFileType = sourcecode.swift; path = RouzzleTextField.swift; sourceTree = "<group>"; };
		BD764D8E2D337D04008E94E5 /* EmojiCategory.swift */ = {isa = PBXFileReference; lastKnownFileType = sourcecode.swift; path = EmojiCategory.swift; sourceTree = "<group>"; };
		BD764D8F2D337D04008E94E5 /* EmojiSearchKeywords.swift */ = {isa = PBXFileReference; lastKnownFileType = sourcecode.swift; path = EmojiSearchKeywords.swift; sourceTree = "<group>"; };
		BD764D912D337D04008E94E5 /* EmojiPickerView.swift */ = {isa = PBXFileReference; lastKnownFileType = sourcecode.swift; path = EmojiPickerView.swift; sourceTree = "<group>"; };
		BD764D922D337D04008E94E5 /* EmojiComponents.swift */ = {isa = PBXFileReference; lastKnownFileType = sourcecode.swift; path = EmojiComponents.swift; sourceTree = "<group>"; };
		BD764D942D337D04008E94E5 /* EmojiPickerViewModel.swift */ = {isa = PBXFileReference; lastKnownFileType = sourcecode.swift; path = EmojiPickerViewModel.swift; sourceTree = "<group>"; };
		BD764D9C2D337D52008E94E5 /* Day.swift */ = {isa = PBXFileReference; lastKnownFileType = sourcecode.swift; path = Day.swift; sourceTree = "<group>"; };
		BD764D9E2D33B5C0008E94E5 /* EmojiButton.swift */ = {isa = PBXFileReference; lastKnownFileType = sourcecode.swift; path = EmojiButton.swift; sourceTree = "<group>"; };
		BD764DA12D33C55E008E94E5 /* Publisher+Extension.swift */ = {isa = PBXFileReference; lastKnownFileType = sourcecode.swift; path = "Publisher+Extension.swift"; sourceTree = "<group>"; };
		BD764DA32D3780B0008E94E5 /* RouzzlePicker.swift */ = {isa = PBXFileReference; lastKnownFileType = sourcecode.swift; path = RouzzlePicker.swift; sourceTree = "<group>"; };
		BD764DA52D3786FC008E94E5 /* RouzzleButton.swift */ = {isa = PBXFileReference; lastKnownFileType = sourcecode.swift; path = RouzzleButton.swift; sourceTree = "<group>"; };
		BD764DA72D378764008E94E5 /* RecommendTaskData.swift */ = {isa = PBXFileReference; lastKnownFileType = sourcecode.swift; path = RecommendTaskData.swift; sourceTree = "<group>"; };
		BD764DA92D37880A008E94E5 /* Date+Extension.swift */ = {isa = PBXFileReference; lastKnownFileType = sourcecode.swift; path = "Date+Extension.swift"; sourceTree = "<group>"; };
/* End PBXFileReference section */

/* Begin PBXFrameworksBuildPhase section */
		BD34AD052D2927C80031548C /* Frameworks */ = {
			isa = PBXFrameworksBuildPhase;
			buildActionMask = 2147483647;
			files = (
			);
			runOnlyForDeploymentPostprocessing = 0;
		};
/* End PBXFrameworksBuildPhase section */

/* Begin PBXGroup section */
		BD34ACFF2D2927C80031548C = {
			isa = PBXGroup;
			children = (
				BD34AD212D2927D60031548C /* Rouzzle_iOS */,
				BD34AD092D2927C80031548C /* Products */,
			);
			sourceTree = "<group>";
		};
		BD34AD092D2927C80031548C /* Products */ = {
			isa = PBXGroup;
			children = (
				BD34AD082D2927C80031548C /* Rouzzle_iOS.app */,
			);
			name = Products;
			sourceTree = "<group>";
		};
		BD34AD212D2927D60031548C /* Rouzzle_iOS */ = {
			isa = PBXGroup;
			children = (
				BD764D712D3154DE008E94E5 /* Rouzzle-iOS-Info.plist */,
				BD764D3E2D312858008E94E5 /* App */,
				BD764D432D312908008E94E5 /* Model */,
				BD764D402D3128BA008E94E5 /* Features */,
				BD764D3F2D312866008E94E5 /* Resource */,
				BD764D592D315491008E94E5 /* Utils */,
			);
			path = Rouzzle_iOS;
			sourceTree = "<group>";
		};
		BD764D3E2D312858008E94E5 /* App */ = {
			isa = PBXGroup;
			children = (
				BD34AD202D2927D60031548C /* Rouzzle_iOSApp.swift */,
				BD34AD1E2D2927D60031548C /* ContentView.swift */,
			);
			path = App;
			sourceTree = "<group>";
		};
		BD764D3F2D312866008E94E5 /* Resource */ = {
			isa = PBXGroup;
			children = (
				BD34AD1D2D2927D60031548C /* Assets.xcassets */,
				BD764D662D3154B6008E94E5 /* Font */,
			);
			path = Resource;
			sourceTree = "<group>";
		};
		BD764D402D3128BA008E94E5 /* Features */ = {
			isa = PBXGroup;
			children = (
				BD764D7C2D33711A008E94E5 /* AddRoutine */,
				BD764D412D3128C6008E94E5 /* Home */,
				BD764D482D31332C008E94E5 /* Statistic */,
				BD764D492D313334008E94E5 /* Recommend */,
				BD764D4A2D31334D008E94E5 /* Social */,
				BD764D4B2D313352008E94E5 /* MyPage */,
			);
			path = Features;
			sourceTree = "<group>";
		};
		BD764D412D3128C6008E94E5 /* Home */ = {
			isa = PBXGroup;
			children = (
				BD764D742D315774008E94E5 /* Model */,
				BD764D422D3128D3008E94E5 /* View */,
				BD764D582D31347B008E94E5 /* ViewModel */,
			);
			path = Home;
			sourceTree = "<group>";
		};
		BD764D422D3128D3008E94E5 /* View */ = {
			isa = PBXGroup;
			children = (
				BD764D462D313320008E94E5 /* RoutineHomeView.swift */,
			);
			path = View;
			sourceTree = "<group>";
		};
		BD764D432D312908008E94E5 /* Model */ = {
			isa = PBXGroup;
			children = (
				BD764D9C2D337D52008E94E5 /* Day.swift */,
				BD764D442D312932008E94E5 /* RoutineItem.swift */,
				BD764DA72D378764008E94E5 /* RecommendTaskData.swift */,
			);
			path = Model;
			sourceTree = "<group>";
		};
		BD764D482D31332C008E94E5 /* Statistic */ = {
			isa = PBXGroup;
			children = (
				BD764D542D3133E1008E94E5 /* View */,
			);
			path = Statistic;
			sourceTree = "<group>";
		};
		BD764D492D313334008E94E5 /* Recommend */ = {
			isa = PBXGroup;
			children = (
				BD764D552D3133E8008E94E5 /* View */,
			);
			path = Recommend;
			sourceTree = "<group>";
		};
		BD764D4A2D31334D008E94E5 /* Social */ = {
			isa = PBXGroup;
			children = (
				BD764D562D3133EE008E94E5 /* View */,
			);
			path = Social;
			sourceTree = "<group>";
		};
		BD764D4B2D313352008E94E5 /* MyPage */ = {
			isa = PBXGroup;
			children = (
				BD764D572D3133F5008E94E5 /* View */,
			);
			path = MyPage;
			sourceTree = "<group>";
		};
		BD764D542D3133E1008E94E5 /* View */ = {
			isa = PBXGroup;
			children = (
				BD764D502D3133A8008E94E5 /* StatisticView.swift */,
			);
			path = View;
			sourceTree = "<group>";
		};
		BD764D552D3133E8008E94E5 /* View */ = {
			isa = PBXGroup;
			children = (
				BD764D4E2D313394008E94E5 /* RecommendView.swift */,
			);
			path = View;
			sourceTree = "<group>";
		};
		BD764D562D3133EE008E94E5 /* View */ = {
			isa = PBXGroup;
			children = (
				BD764D4C2D31338C008E94E5 /* SocialView.swift */,
			);
			path = View;
			sourceTree = "<group>";
		};
		BD764D572D3133F5008E94E5 /* View */ = {
			isa = PBXGroup;
			children = (
				BD764D522D3133B2008E94E5 /* MyPageView.swift */,
			);
			path = View;
			sourceTree = "<group>";
		};
		BD764D582D31347B008E94E5 /* ViewModel */ = {
			isa = PBXGroup;
			children = (
				BD764D772D315B88008E94E5 /* RoutineHomeViewModel.swift */,
			);
			path = ViewModel;
			sourceTree = "<group>";
		};
		BD764D592D315491008E94E5 /* Utils */ = {
			isa = PBXGroup;
			children = (
				BD764DA02D33C545008E94E5 /* Extension */,
				BD764D872D3378D1008E94E5 /* Component */,
				BD764D792D336CD7008E94E5 /* Global */,
				BD764D962D337D04008E94E5 /* Emoji */,
			);
			path = Utils;
			sourceTree = "<group>";
		};
		BD764D662D3154B6008E94E5 /* Font */ = {
			isa = PBXGroup;
			children = (
				BD764D5C2D3154B6008E94E5 /* Halo Dek.otf */,
				BD764D5D2D3154B6008E94E5 /* Pretendard-Black.otf */,
				BD764D5E2D3154B6008E94E5 /* Pretendard-Bold.otf */,
				BD764D5F2D3154B6008E94E5 /* Pretendard-ExtraBold.otf */,
				BD764D602D3154B6008E94E5 /* Pretendard-ExtraLight.otf */,
				BD764D612D3154B6008E94E5 /* Pretendard-Light.otf */,
				BD764D622D3154B6008E94E5 /* Pretendard-Medium.otf */,
				BD764D632D3154B6008E94E5 /* Pretendard-Regular.otf */,
				BD764D642D3154B6008E94E5 /* Pretendard-SemiBold.otf */,
				BD764D652D3154B6008E94E5 /* Pretendard-Thin.otf */,
			);
			path = Font;
			sourceTree = "<group>";
		};
		BD764D742D315774008E94E5 /* Model */ = {
			isa = PBXGroup;
			children = (
				BD764D7A2D33708F008E94E5 /* Untitled.swift */,
			);
			path = Model;
			sourceTree = "<group>";
		};
		BD764D792D336CD7008E94E5 /* Global */ = {
			isa = PBXGroup;
			children = (
				BD764D752D3157A3008E94E5 /* QuotesProvider.swift */,
			);
			path = Global;
			sourceTree = "<group>";
		};
		BD764D7C2D33711A008E94E5 /* AddRoutine */ = {
			isa = PBXGroup;
			children = (
				BD764D802D337400008E94E5 /* ViewModel */,
				BD764D7D2D337124008E94E5 /* View */,
			);
			path = AddRoutine;
			sourceTree = "<group>";
		};
		BD764D7D2D337124008E94E5 /* View */ = {
			isa = PBXGroup;
			children = (
				BD764D7E2D33713D008E94E5 /* AddRoutineContainerView.swift */,
				BD764D832D3374AA008E94E5 /* AddRoutineView.swift */,
				BD764D852D3374BE008E94E5 /* AddRoutineTaskView.swift */,
			);
			path = View;
			sourceTree = "<group>";
		};
		BD764D802D337400008E94E5 /* ViewModel */ = {
			isa = PBXGroup;
			children = (
				BD764D812D33740C008E94E5 /* AddRoutineViewModel.swift */,
			);
			path = ViewModel;
			sourceTree = "<group>";
		};
		BD764D872D3378D1008E94E5 /* Component */ = {
			isa = PBXGroup;
			children = (
				BD764D882D3378F4008E94E5 /* RouzzleTextField.swift */,
				BD764DA32D3780B0008E94E5 /* RouzzlePicker.swift */,
				BD764DA52D3786FC008E94E5 /* RouzzleButton.swift */,
			);
			path = Component;
			sourceTree = "<group>";
		};
		BD764D902D337D04008E94E5 /* Model */ = {
			isa = PBXGroup;
			children = (
				BD764D8E2D337D04008E94E5 /* EmojiCategory.swift */,
				BD764D8F2D337D04008E94E5 /* EmojiSearchKeywords.swift */,
			);
			path = Model;
			sourceTree = "<group>";
		};
		BD764D932D337D04008E94E5 /* View */ = {
			isa = PBXGroup;
			children = (
				BD764D9E2D33B5C0008E94E5 /* EmojiButton.swift */,
				BD764D912D337D04008E94E5 /* EmojiPickerView.swift */,
				BD764D922D337D04008E94E5 /* EmojiComponents.swift */,
			);
			path = View;
			sourceTree = "<group>";
		};
		BD764D952D337D04008E94E5 /* ViewModel */ = {
			isa = PBXGroup;
			children = (
				BD764D942D337D04008E94E5 /* EmojiPickerViewModel.swift */,
			);
			path = ViewModel;
			sourceTree = "<group>";
		};
		BD764D962D337D04008E94E5 /* Emoji */ = {
			isa = PBXGroup;
			children = (
				BD764D902D337D04008E94E5 /* Model */,
				BD764D932D337D04008E94E5 /* View */,
				BD764D952D337D04008E94E5 /* ViewModel */,
			);
			path = Emoji;
			sourceTree = "<group>";
		};
		BD764DA02D33C545008E94E5 /* Extension */ = {
			isa = PBXGroup;
			children = (
				BD764D5A2D3154A2008E94E5 /* Font+Extension.swift */,
				BD764D722D31552E008E94E5 /* Color+Extension.swift */,
				BD764DA12D33C55E008E94E5 /* Publisher+Extension.swift */,
				BD764DA92D37880A008E94E5 /* Date+Extension.swift */,
			);
			path = Extension;
			sourceTree = "<group>";
		};
/* End PBXGroup section */

/* Begin PBXNativeTarget section */
		BD34AD072D2927C80031548C /* Rouzzle_iOS */ = {
			isa = PBXNativeTarget;
			buildConfigurationList = BD34AD182D2927CB0031548C /* Build configuration list for PBXNativeTarget "Rouzzle_iOS" */;
			buildPhases = (
				BD34AD042D2927C80031548C /* Sources */,
				BD34AD052D2927C80031548C /* Frameworks */,
				BD34AD062D2927C80031548C /* Resources */,
			);
			buildRules = (
			);
			dependencies = (
			);
			name = Rouzzle_iOS;
			packageProductDependencies = (
			);
			productName = Rouzzle_iOS;
			productReference = BD34AD082D2927C80031548C /* Rouzzle_iOS.app */;
			productType = "com.apple.product-type.application";
		};
/* End PBXNativeTarget section */

/* Begin PBXProject section */
		BD34AD002D2927C80031548C /* Project object */ = {
			isa = PBXProject;
			attributes = {
				BuildIndependentTargetsInParallel = 1;
				LastSwiftUpdateCheck = 1600;
				LastUpgradeCheck = 1600;
				TargetAttributes = {
					BD34AD072D2927C80031548C = {
						CreatedOnToolsVersion = 16.0;
					};
				};
			};
			buildConfigurationList = BD34AD032D2927C80031548C /* Build configuration list for PBXProject "Rouzzle_iOS" */;
			developmentRegion = en;
			hasScannedForEncodings = 0;
			knownRegions = (
				en,
				Base,
			);
			mainGroup = BD34ACFF2D2927C80031548C;
			minimizedProjectReferenceProxies = 1;
			preferredProjectObjectVersion = 77;
			productRefGroup = BD34AD092D2927C80031548C /* Products */;
			projectDirPath = "";
			projectRoot = "";
			targets = (
				BD34AD072D2927C80031548C /* Rouzzle_iOS */,
			);
		};
/* End PBXProject section */

/* Begin PBXResourcesBuildPhase section */
		BD34AD062D2927C80031548C /* Resources */ = {
			isa = PBXResourcesBuildPhase;
			buildActionMask = 2147483647;
			files = (
				BD34AD262D2927D60031548C /* Assets.xcassets in Resources */,
				BD764D672D3154B6008E94E5 /* Pretendard-Medium.otf in Resources */,
				BD764D682D3154B6008E94E5 /* Pretendard-Regular.otf in Resources */,
				BD764D692D3154B6008E94E5 /* Pretendard-SemiBold.otf in Resources */,
				BD764D6A2D3154B6008E94E5 /* Halo Dek.otf in Resources */,
				BD764D6B2D3154B6008E94E5 /* Pretendard-ExtraBold.otf in Resources */,
				BD764D6C2D3154B6008E94E5 /* Pretendard-Black.otf in Resources */,
				BD764D6D2D3154B6008E94E5 /* Pretendard-ExtraLight.otf in Resources */,
				BD764D6E2D3154B6008E94E5 /* Pretendard-Thin.otf in Resources */,
				BD764D6F2D3154B6008E94E5 /* Pretendard-Bold.otf in Resources */,
				BD764D702D3154B6008E94E5 /* Pretendard-Light.otf in Resources */,
			);
			runOnlyForDeploymentPostprocessing = 0;
		};
/* End PBXResourcesBuildPhase section */

/* Begin PBXSourcesBuildPhase section */
		BD34AD042D2927C80031548C /* Sources */ = {
			isa = PBXSourcesBuildPhase;
			buildActionMask = 2147483647;
			files = (
				BD764D512D3133A8008E94E5 /* StatisticView.swift in Sources */,
				BD764D892D3378F4008E94E5 /* RouzzleTextField.swift in Sources */,
				BD764DA22D33C55E008E94E5 /* Publisher+Extension.swift in Sources */,
				BD764DA42D3780B0008E94E5 /* RouzzlePicker.swift in Sources */,
				BD764D9F2D33B5C7008E94E5 /* EmojiButton.swift in Sources */,
				BD764DAA2D37880A008E94E5 /* Date+Extension.swift in Sources */,
				BD764D9D2D337D55008E94E5 /* Day.swift in Sources */,
				BD764D732D31552E008E94E5 /* Color+Extension.swift in Sources */,
				BD764D532D3133B2008E94E5 /* MyPageView.swift in Sources */,
				BD34AD222D2927D60031548C /* ContentView.swift in Sources */,
				BD764D782D315B88008E94E5 /* RoutineHomeViewModel.swift in Sources */,
				BD764D862D3374BE008E94E5 /* AddRoutineTaskView.swift in Sources */,
				BD764D822D33740C008E94E5 /* AddRoutineViewModel.swift in Sources */,
				BD764D4F2D313394008E94E5 /* RecommendView.swift in Sources */,
				BD764D972D337D04008E94E5 /* EmojiSearchKeywords.swift in Sources */,
				BD764D982D337D04008E94E5 /* EmojiCategory.swift in Sources */,
				BD764D992D337D04008E94E5 /* EmojiPickerViewModel.swift in Sources */,
				BD764D9A2D337D04008E94E5 /* EmojiPickerView.swift in Sources */,
				BD764D9B2D337D04008E94E5 /* EmojiComponents.swift in Sources */,
				BD764D762D3157A3008E94E5 /* QuotesProvider.swift in Sources */,
				BD764D4D2D31338C008E94E5 /* SocialView.swift in Sources */,
				BD764D842D3374AA008E94E5 /* AddRoutineView.swift in Sources */,
				BD764D5B2D3154A2008E94E5 /* Font+Extension.swift in Sources */,
				BD764D472D313320008E94E5 /* RoutineHomeView.swift in Sources */,
				BD764D7B2D337090008E94E5 /* Untitled.swift in Sources */,
				BD764D452D312932008E94E5 /* RoutineItem.swift in Sources */,
				BD764DA82D378764008E94E5 /* RecommendTaskData.swift in Sources */,
				BD764DA62D3786FC008E94E5 /* RouzzleButton.swift in Sources */,
				BD34AD242D2927D60031548C /* Rouzzle_iOSApp.swift in Sources */,
				BD764D7F2D33713D008E94E5 /* AddRoutineContainerView.swift in Sources */,
			);
			runOnlyForDeploymentPostprocessing = 0;
		};
/* End PBXSourcesBuildPhase section */

/* Begin XCBuildConfiguration section */
		BD34AD162D2927CB0031548C /* Debug */ = {
			isa = XCBuildConfiguration;
			buildSettings = {
				ALWAYS_SEARCH_USER_PATHS = NO;
				ASSETCATALOG_COMPILER_GENERATE_SWIFT_ASSET_SYMBOL_EXTENSIONS = YES;
				CLANG_ANALYZER_NONNULL = YES;
				CLANG_ANALYZER_NUMBER_OBJECT_CONVERSION = YES_AGGRESSIVE;
				CLANG_CXX_LANGUAGE_STANDARD = "gnu++20";
				CLANG_ENABLE_MODULES = YES;
				CLANG_ENABLE_OBJC_ARC = YES;
				CLANG_ENABLE_OBJC_WEAK = YES;
				CLANG_WARN_BLOCK_CAPTURE_AUTORELEASING = YES;
				CLANG_WARN_BOOL_CONVERSION = YES;
				CLANG_WARN_COMMA = YES;
				CLANG_WARN_CONSTANT_CONVERSION = YES;
				CLANG_WARN_DEPRECATED_OBJC_IMPLEMENTATIONS = YES;
				CLANG_WARN_DIRECT_OBJC_ISA_USAGE = YES_ERROR;
				CLANG_WARN_DOCUMENTATION_COMMENTS = YES;
				CLANG_WARN_EMPTY_BODY = YES;
				CLANG_WARN_ENUM_CONVERSION = YES;
				CLANG_WARN_INFINITE_RECURSION = YES;
				CLANG_WARN_INT_CONVERSION = YES;
				CLANG_WARN_NON_LITERAL_NULL_CONVERSION = YES;
				CLANG_WARN_OBJC_IMPLICIT_RETAIN_SELF = YES;
				CLANG_WARN_OBJC_LITERAL_CONVERSION = YES;
				CLANG_WARN_OBJC_ROOT_CLASS = YES_ERROR;
				CLANG_WARN_QUOTED_INCLUDE_IN_FRAMEWORK_HEADER = YES;
				CLANG_WARN_RANGE_LOOP_ANALYSIS = YES;
				CLANG_WARN_STRICT_PROTOTYPES = YES;
				CLANG_WARN_SUSPICIOUS_MOVE = YES;
				CLANG_WARN_UNGUARDED_AVAILABILITY = YES_AGGRESSIVE;
				CLANG_WARN_UNREACHABLE_CODE = YES;
				CLANG_WARN__DUPLICATE_METHOD_MATCH = YES;
				COPY_PHASE_STRIP = NO;
				DEBUG_INFORMATION_FORMAT = dwarf;
				ENABLE_STRICT_OBJC_MSGSEND = YES;
				ENABLE_TESTABILITY = YES;
				ENABLE_USER_SCRIPT_SANDBOXING = YES;
				GCC_C_LANGUAGE_STANDARD = gnu17;
				GCC_DYNAMIC_NO_PIC = NO;
				GCC_NO_COMMON_BLOCKS = YES;
				GCC_OPTIMIZATION_LEVEL = 0;
				GCC_PREPROCESSOR_DEFINITIONS = (
					"DEBUG=1",
					"$(inherited)",
				);
				GCC_WARN_64_TO_32_BIT_CONVERSION = YES;
				GCC_WARN_ABOUT_RETURN_TYPE = YES_ERROR;
				GCC_WARN_UNDECLARED_SELECTOR = YES;
				GCC_WARN_UNINITIALIZED_AUTOS = YES_AGGRESSIVE;
				GCC_WARN_UNUSED_FUNCTION = YES;
				GCC_WARN_UNUSED_VARIABLE = YES;
				IPHONEOS_DEPLOYMENT_TARGET = 18.0;
				LOCALIZATION_PREFERS_STRING_CATALOGS = YES;
				MTL_ENABLE_DEBUG_INFO = INCLUDE_SOURCE;
				MTL_FAST_MATH = YES;
				ONLY_ACTIVE_ARCH = YES;
				SDKROOT = iphoneos;
				SWIFT_ACTIVE_COMPILATION_CONDITIONS = "DEBUG $(inherited)";
				SWIFT_OPTIMIZATION_LEVEL = "-Onone";
			};
			name = Debug;
		};
		BD34AD172D2927CB0031548C /* Release */ = {
			isa = XCBuildConfiguration;
			buildSettings = {
				ALWAYS_SEARCH_USER_PATHS = NO;
				ASSETCATALOG_COMPILER_GENERATE_SWIFT_ASSET_SYMBOL_EXTENSIONS = YES;
				CLANG_ANALYZER_NONNULL = YES;
				CLANG_ANALYZER_NUMBER_OBJECT_CONVERSION = YES_AGGRESSIVE;
				CLANG_CXX_LANGUAGE_STANDARD = "gnu++20";
				CLANG_ENABLE_MODULES = YES;
				CLANG_ENABLE_OBJC_ARC = YES;
				CLANG_ENABLE_OBJC_WEAK = YES;
				CLANG_WARN_BLOCK_CAPTURE_AUTORELEASING = YES;
				CLANG_WARN_BOOL_CONVERSION = YES;
				CLANG_WARN_COMMA = YES;
				CLANG_WARN_CONSTANT_CONVERSION = YES;
				CLANG_WARN_DEPRECATED_OBJC_IMPLEMENTATIONS = YES;
				CLANG_WARN_DIRECT_OBJC_ISA_USAGE = YES_ERROR;
				CLANG_WARN_DOCUMENTATION_COMMENTS = YES;
				CLANG_WARN_EMPTY_BODY = YES;
				CLANG_WARN_ENUM_CONVERSION = YES;
				CLANG_WARN_INFINITE_RECURSION = YES;
				CLANG_WARN_INT_CONVERSION = YES;
				CLANG_WARN_NON_LITERAL_NULL_CONVERSION = YES;
				CLANG_WARN_OBJC_IMPLICIT_RETAIN_SELF = YES;
				CLANG_WARN_OBJC_LITERAL_CONVERSION = YES;
				CLANG_WARN_OBJC_ROOT_CLASS = YES_ERROR;
				CLANG_WARN_QUOTED_INCLUDE_IN_FRAMEWORK_HEADER = YES;
				CLANG_WARN_RANGE_LOOP_ANALYSIS = YES;
				CLANG_WARN_STRICT_PROTOTYPES = YES;
				CLANG_WARN_SUSPICIOUS_MOVE = YES;
				CLANG_WARN_UNGUARDED_AVAILABILITY = YES_AGGRESSIVE;
				CLANG_WARN_UNREACHABLE_CODE = YES;
				CLANG_WARN__DUPLICATE_METHOD_MATCH = YES;
				COPY_PHASE_STRIP = NO;
				DEBUG_INFORMATION_FORMAT = "dwarf-with-dsym";
				ENABLE_NS_ASSERTIONS = NO;
				ENABLE_STRICT_OBJC_MSGSEND = YES;
				ENABLE_USER_SCRIPT_SANDBOXING = YES;
				GCC_C_LANGUAGE_STANDARD = gnu17;
				GCC_NO_COMMON_BLOCKS = YES;
				GCC_WARN_64_TO_32_BIT_CONVERSION = YES;
				GCC_WARN_ABOUT_RETURN_TYPE = YES_ERROR;
				GCC_WARN_UNDECLARED_SELECTOR = YES;
				GCC_WARN_UNINITIALIZED_AUTOS = YES_AGGRESSIVE;
				GCC_WARN_UNUSED_FUNCTION = YES;
				GCC_WARN_UNUSED_VARIABLE = YES;
				IPHONEOS_DEPLOYMENT_TARGET = 18.0;
				LOCALIZATION_PREFERS_STRING_CATALOGS = YES;
				MTL_ENABLE_DEBUG_INFO = NO;
				MTL_FAST_MATH = YES;
				SDKROOT = iphoneos;
				SWIFT_COMPILATION_MODE = wholemodule;
				VALIDATE_PRODUCT = YES;
			};
			name = Release;
		};
		BD34AD192D2927CB0031548C /* Debug */ = {
			isa = XCBuildConfiguration;
			buildSettings = {
				ASSETCATALOG_COMPILER_APPICON_NAME = AppIcon;
				ASSETCATALOG_COMPILER_GLOBAL_ACCENT_COLOR_NAME = AccentColor;
				CODE_SIGN_STYLE = Automatic;
				CURRENT_PROJECT_VERSION = 1;
				DEVELOPMENT_TEAM = U6NUHA5DNR;
				ENABLE_PREVIEWS = YES;
				GENERATE_INFOPLIST_FILE = YES;
				INFOPLIST_FILE = "Rouzzle-iOS-Info.plist";
				INFOPLIST_KEY_UIApplicationSceneManifest_Generation = YES;
				INFOPLIST_KEY_UIApplicationSupportsIndirectInputEvents = YES;
				INFOPLIST_KEY_UILaunchScreen_Generation = YES;
				INFOPLIST_KEY_UISupportedInterfaceOrientations_iPad = "UIInterfaceOrientationPortrait UIInterfaceOrientationPortraitUpsideDown UIInterfaceOrientationLandscapeLeft UIInterfaceOrientationLandscapeRight";
				INFOPLIST_KEY_UISupportedInterfaceOrientations_iPhone = "UIInterfaceOrientationPortrait UIInterfaceOrientationLandscapeLeft UIInterfaceOrientationLandscapeRight";
				LD_RUNPATH_SEARCH_PATHS = (
					"$(inherited)",
					"@executable_path/Frameworks",
				);
				MARKETING_VERSION = 1.0;
				PRODUCT_BUNDLE_IDENTIFIER = "Rouzzle.Rouzzle-iOS";
				PRODUCT_NAME = "$(TARGET_NAME)";
				SWIFT_EMIT_LOC_STRINGS = YES;
				SWIFT_VERSION = 5.0;
				TARGETED_DEVICE_FAMILY = "1,2";
			};
			name = Debug;
		};
		BD34AD1A2D2927CB0031548C /* Release */ = {
			isa = XCBuildConfiguration;
			buildSettings = {
				ASSETCATALOG_COMPILER_APPICON_NAME = AppIcon;
				ASSETCATALOG_COMPILER_GLOBAL_ACCENT_COLOR_NAME = AccentColor;
				CODE_SIGN_STYLE = Automatic;
				CURRENT_PROJECT_VERSION = 1;
				DEVELOPMENT_TEAM = U6NUHA5DNR;
				ENABLE_PREVIEWS = YES;
				GENERATE_INFOPLIST_FILE = YES;
				INFOPLIST_FILE = "Rouzzle-iOS-Info.plist";
				INFOPLIST_KEY_UIApplicationSceneManifest_Generation = YES;
				INFOPLIST_KEY_UIApplicationSupportsIndirectInputEvents = YES;
				INFOPLIST_KEY_UILaunchScreen_Generation = YES;
				INFOPLIST_KEY_UISupportedInterfaceOrientations_iPad = "UIInterfaceOrientationPortrait UIInterfaceOrientationPortraitUpsideDown UIInterfaceOrientationLandscapeLeft UIInterfaceOrientationLandscapeRight";
				INFOPLIST_KEY_UISupportedInterfaceOrientations_iPhone = "UIInterfaceOrientationPortrait UIInterfaceOrientationLandscapeLeft UIInterfaceOrientationLandscapeRight";
				LD_RUNPATH_SEARCH_PATHS = (
					"$(inherited)",
					"@executable_path/Frameworks",
				);
				MARKETING_VERSION = 1.0;
				PRODUCT_BUNDLE_IDENTIFIER = "Rouzzle.Rouzzle-iOS";
				PRODUCT_NAME = "$(TARGET_NAME)";
				SWIFT_EMIT_LOC_STRINGS = YES;
				SWIFT_VERSION = 5.0;
				TARGETED_DEVICE_FAMILY = "1,2";
			};
			name = Release;
		};
/* End XCBuildConfiguration section */

/* Begin XCConfigurationList section */
		BD34AD032D2927C80031548C /* Build configuration list for PBXProject "Rouzzle_iOS" */ = {
			isa = XCConfigurationList;
			buildConfigurations = (
				BD34AD162D2927CB0031548C /* Debug */,
				BD34AD172D2927CB0031548C /* Release */,
			);
			defaultConfigurationIsVisible = 0;
			defaultConfigurationName = Release;
		};
		BD34AD182D2927CB0031548C /* Build configuration list for PBXNativeTarget "Rouzzle_iOS" */ = {
			isa = XCConfigurationList;
			buildConfigurations = (
				BD34AD192D2927CB0031548C /* Debug */,
				BD34AD1A2D2927CB0031548C /* Release */,
			);
			defaultConfigurationIsVisible = 0;
			defaultConfigurationName = Release;
		};
/* End XCConfigurationList section */
	};
	rootObject = BD34AD002D2927C80031548C /* Project object */;
}
